
Microsoft Visual Studio Solution File, Format Version 12.00
# Visual Studio Version 16
VisualStudioVersion = 16.0.30804.86
MinimumVisualStudioVersion = 10.0.40219.1
Project("{FAE04EC0-301F-11D3-BF4B-00C04F79EFBC}") = "DevEventsAPI", "DevEventsAPI\DevEventsAPI.csproj", "{FCC22604-C2D0-4733-908A-9BEAC24F6172}"
EndProject
Global
	GlobalSection(SolutionConfigurationPlatforms) = preSolution
		Debug|Any CPU = Debug|Any CPU
		Release|Any CPU = Release|Any CPU
	EndGlobalSection
	GlobalSection(ProjectConfigurationPlatforms) = postSolution
		{FCC22604-C2D0-4733-908A-9BEAC24F6172}.Debug|Any CPU.ActiveCfg = Debug|Any CPU
		{FCC22604-C2D0-4733-908A-9BEAC24F6172}.Debug|Any CPU.Build.0 = Debug|Any CPU
		{FCC22604-C2D0-4733-908A-9BEAC24F6172}.Release|Any CPU.ActiveCfg = Release|Any CPU
		{FCC22604-C2D0-4733-908A-9BEAC24F6172}.Release|Any CPU.Build.0 = Release|Any CPU
	EndGlobalSection
	GlobalSection(SolutionProperties) = preSolution
		HideSolutionNode = FALSE
	EndGlobalSection
	GlobalSection(ExtensibilityGlobals) = postSolution
		SolutionGuid = {6A9934D7-E47B-4418-914A-CB0E9C668574}
	EndGlobalSection
EndGlobal
