
Microsoft Visual Studio Solution File, Format Version 12.00
# Visual Studio Version 16
VisualStudioVersion = 16.0.30804.86
MinimumVisualStudioVersion = 10.0.40219.1
Project("{FAE04EC0-301F-11D3-BF4B-00C04F79EFBC}") = "CursoMVC", "CursoMVC\CursoMVC.csproj", "{980F17D5-90AA-4FA2-B133-9426A020504D}"
EndProject
Global
	GlobalSection(SolutionConfigurationPlatforms) = preSolution
		Debug|Any CPU = Debug|Any CPU
		Release|Any CPU = Release|Any CPU
	EndGlobalSection
	GlobalSection(ProjectConfigurationPlatforms) = postSolution
		{980F17D5-90AA-4FA2-B133-9426A020504D}.Debug|Any CPU.ActiveCfg = Debug|Any CPU
		{980F17D5-90AA-4FA2-B133-9426A020504D}.Debug|Any CPU.Build.0 = Debug|Any CPU
		{980F17D5-90AA-4FA2-B133-9426A020504D}.Release|Any CPU.ActiveCfg = Release|Any CPU
		{980F17D5-90AA-4FA2-B133-9426A020504D}.Release|Any CPU.Build.0 = Release|Any CPU
	EndGlobalSection
	GlobalSection(SolutionProperties) = preSolution
		HideSolutionNode = FALSE
	EndGlobalSection
	GlobalSection(ExtensibilityGlobals) = postSolution
		SolutionGuid = {1BE7FEE9-63D9-4992-B0BD-365011CF5917}
	EndGlobalSection
EndGlobal
