
Microsoft Visual Studio Solution File, Format Version 12.00
# Visual Studio Version 16
VisualStudioVersion = 16.0.30804.86
MinimumVisualStudioVersion = 10.0.40219.1
Project("{9A19103F-16F7-4668-BE54-9A1E7A4F7556}") = "Abstration", "Abstration\Abstration.csproj", "{6E176FD1-90D5-4C7F-9C15-E6BE2A1A8B78}"
EndProject
Project("{2150E333-8FDC-42A3-9474-1A3956D46DE8}") = "Solution Items", "Solution Items", "{85A7C759-1DE5-4675-A8F5-1F3DF88B75C0}"
EndProject
Global
	GlobalSection(SolutionConfigurationPlatforms) = preSolution
		Debug|Any CPU = Debug|Any CPU
		Release|Any CPU = Release|Any CPU
	EndGlobalSection
	GlobalSection(ProjectConfigurationPlatforms) = postSolution
		{6E176FD1-90D5-4C7F-9C15-E6BE2A1A8B78}.Debug|Any CPU.ActiveCfg = Debug|Any CPU
		{6E176FD1-90D5-4C7F-9C15-E6BE2A1A8B78}.Debug|Any CPU.Build.0 = Debug|Any CPU
		{6E176FD1-90D5-4C7F-9C15-E6BE2A1A8B78}.Release|Any CPU.ActiveCfg = Release|Any CPU
		{6E176FD1-90D5-4C7F-9C15-E6BE2A1A8B78}.Release|Any CPU.Build.0 = Release|Any CPU
	EndGlobalSection
	GlobalSection(SolutionProperties) = preSolution
		HideSolutionNode = FALSE
	EndGlobalSection
	GlobalSection(ExtensibilityGlobals) = postSolution
		SolutionGuid = {99B21D8D-F552-471C-8B0D-1A4479E66411}
	EndGlobalSection
EndGlobal
