
Microsoft Visual Studio Solution File, Format Version 12.00
# Visual Studio Version 16
VisualStudioVersion = 16.0.30804.86
MinimumVisualStudioVersion = 10.0.40219.1
Project("{FAE04EC0-301F-11D3-BF4B-00C04F79EFBC}") = "Test", "Test\Test.csproj", "{A0EA2897-D443-465D-BDF0-2297D3D9333B}"
EndProject
Global
	GlobalSection(SolutionConfigurationPlatforms) = preSolution
		Debug|Any CPU = Debug|Any CPU
		Release|Any CPU = Release|Any CPU
	EndGlobalSection
	GlobalSection(ProjectConfigurationPlatforms) = postSolution
		{A0EA2897-D443-465D-BDF0-2297D3D9333B}.Debug|Any CPU.ActiveCfg = Debug|Any CPU
		{A0EA2897-D443-465D-BDF0-2297D3D9333B}.Debug|Any CPU.Build.0 = Debug|Any CPU
		{A0EA2897-D443-465D-BDF0-2297D3D9333B}.Release|Any CPU.ActiveCfg = Release|Any CPU
		{A0EA2897-D443-465D-BDF0-2297D3D9333B}.Release|Any CPU.Build.0 = Release|Any CPU
	EndGlobalSection
	GlobalSection(SolutionProperties) = preSolution
		HideSolutionNode = FALSE
	EndGlobalSection
	GlobalSection(ExtensibilityGlobals) = postSolution
		SolutionGuid = {1EF68F87-8AAD-4807-8171-4E2ACF56F30D}
	EndGlobalSection
EndGlobal
